
Microsoft Visual Studio Solution File, Format Version 12.00
# Visual Studio Version 16
VisualStudioVersion = 16.0.31129.286
MinimumVisualStudioVersion = 10.0.40219.1
Project("{FAE04EC0-301F-11D3-BF4B-00C04F79EFBC}") = "ConvertCultrue", "ConvertCultrue\ConvertCultrue.csproj", "{3CCB46AC-EE63-4F74-93B7-3D18EFDAC151}"
EndProject
Global
	GlobalSection(SolutionConfigurationPlatforms) = preSolution
		Debug|Any CPU = Debug|Any CPU
		Release|Any CPU = Release|Any CPU
	EndGlobalSection
	GlobalSection(ProjectConfigurationPlatforms) = postSolution
		{3CCB46AC-EE63-4F74-93B7-3D18EFDAC151}.Debug|Any CPU.ActiveCfg = Debug|Any CPU
		{3CCB46AC-EE63-4F74-93B7-3D18EFDAC151}.Debug|Any CPU.Build.0 = Debug|Any CPU
		{3CCB46AC-EE63-4F74-93B7-3D18EFDAC151}.Release|Any CPU.ActiveCfg = Release|Any CPU
		{3CCB46AC-EE63-4F74-93B7-3D18EFDAC151}.Release|Any CPU.Build.0 = Release|Any CPU
	EndGlobalSection
	GlobalSection(SolutionProperties) = preSolution
		HideSolutionNode = FALSE
	EndGlobalSection
	GlobalSection(ExtensibilityGlobals) = postSolution
		SolutionGuid = {344DFB3B-1486-4B34-8B5E-C67C0ACB3D3D}
	EndGlobalSection
EndGlobal
